
Microsoft Visual Studio Solution File, Format Version 12.00
# Visual Studio Version 16
VisualStudioVersion = 16.0.30611.23
MinimumVisualStudioVersion = 10.0.40219.1
Project("{00D1A9C2-B5F0-4AF3-8072-F6C62B433612}") = "MegaCasting.DB", "MegaCasting.DB\MegaCasting.DB.sqlproj", "{4D1DB24F-5472-4137-BACB-AB165D03F11E}"
EndProject
Project("{FAE04EC0-301F-11D3-BF4B-00C04F79EFBC}") = "MegaCasting.DBLib", "MegaCasting.DBLib\MegaCasting.DBLib.csproj", "{43017F47-3E14-44A7-A71A-EB0B47A4E6EA}"
EndProject
Project("{FAE04EC0-301F-11D3-BF4B-00C04F79EFBC}") = "MegaCasting.WPF", "MegaCasting.WPF\MegaCasting.WPF.csproj", "{496B4F26-052B-4B6E-89D2-239EB23F72BA}"
	ProjectSection(ProjectDependencies) = postProject
		{43017F47-3E14-44A7-A71A-EB0B47A4E6EA} = {43017F47-3E14-44A7-A71A-EB0B47A4E6EA}
	EndProjectSection
EndProject
Global
	GlobalSection(SolutionConfigurationPlatforms) = preSolution
		Debug|Any CPU = Debug|Any CPU
		Release|Any CPU = Release|Any CPU
	EndGlobalSection
	GlobalSection(ProjectConfigurationPlatforms) = postSolution
		{4D1DB24F-5472-4137-BACB-AB165D03F11E}.Debug|Any CPU.ActiveCfg = Debug|Any CPU
		{4D1DB24F-5472-4137-BACB-AB165D03F11E}.Debug|Any CPU.Build.0 = Debug|Any CPU
		{4D1DB24F-5472-4137-BACB-AB165D03F11E}.Debug|Any CPU.Deploy.0 = Debug|Any CPU
		{4D1DB24F-5472-4137-BACB-AB165D03F11E}.Release|Any CPU.ActiveCfg = Release|Any CPU
		{4D1DB24F-5472-4137-BACB-AB165D03F11E}.Release|Any CPU.Build.0 = Release|Any CPU
		{4D1DB24F-5472-4137-BACB-AB165D03F11E}.Release|Any CPU.Deploy.0 = Release|Any CPU
		{43017F47-3E14-44A7-A71A-EB0B47A4E6EA}.Debug|Any CPU.ActiveCfg = Debug|Any CPU
		{43017F47-3E14-44A7-A71A-EB0B47A4E6EA}.Debug|Any CPU.Build.0 = Debug|Any CPU
		{43017F47-3E14-44A7-A71A-EB0B47A4E6EA}.Release|Any CPU.ActiveCfg = Release|Any CPU
		{43017F47-3E14-44A7-A71A-EB0B47A4E6EA}.Release|Any CPU.Build.0 = Release|Any CPU
		{496B4F26-052B-4B6E-89D2-239EB23F72BA}.Debug|Any CPU.ActiveCfg = Debug|Any CPU
		{496B4F26-052B-4B6E-89D2-239EB23F72BA}.Debug|Any CPU.Build.0 = Debug|Any CPU
		{496B4F26-052B-4B6E-89D2-239EB23F72BA}.Release|Any CPU.ActiveCfg = Release|Any CPU
		{496B4F26-052B-4B6E-89D2-239EB23F72BA}.Release|Any CPU.Build.0 = Release|Any CPU
	EndGlobalSection
	GlobalSection(SolutionProperties) = preSolution
		HideSolutionNode = FALSE
	EndGlobalSection
	GlobalSection(ExtensibilityGlobals) = postSolution
		SolutionGuid = {50CB4C6A-B607-47C7-B25F-BE5088695F78}
	EndGlobalSection
EndGlobal
